// !$*UTF8*$!
{
	archiveVersion = 1;
	classes = {
	};
	objectVersion = 55;
	objects = {

/* Begin PBXBuildFile section */
		882AE69528C5EF68005CEAD8 /* TrendingTableViewCell.swift in Sources */ = {isa = PBXBuildFile; fileRef = 882AE69428C5EF68005CEAD8 /* TrendingTableViewCell.swift */; };
		882AE69728C60817005CEAD8 /* DetailViewController.swift in Sources */ = {isa = PBXBuildFile; fileRef = 882AE69628C60817005CEAD8 /* DetailViewController.swift */; };
		882AE69928C61006005CEAD8 /* CoreDataManager.swift in Sources */ = {isa = PBXBuildFile; fileRef = 882AE69828C61006005CEAD8 /* CoreDataManager.swift */; };
		882BF6FF28C2346C00D772F1 /* TopRatedViewController.swift in Sources */ = {isa = PBXBuildFile; fileRef = 882BF6FE28C2346C00D772F1 /* TopRatedViewController.swift */; };
		882BF70128C2367800D772F1 /* TopRatedTableViewCell.swift in Sources */ = {isa = PBXBuildFile; fileRef = 882BF70028C2367800D772F1 /* TopRatedTableViewCell.swift */; };
		883AF89828CE18A80099D386 /* InfoViewController.swift in Sources */ = {isa = PBXBuildFile; fileRef = 883AF89728CE18A80099D386 /* InfoViewController.swift */; };
		8840337928C124CF007FDB4E /* AppDelegate.swift in Sources */ = {isa = PBXBuildFile; fileRef = 8840337828C124CF007FDB4E /* AppDelegate.swift */; };
		8840338028C124CF007FDB4E /* Main.storyboard in Resources */ = {isa = PBXBuildFile; fileRef = 8840337E28C124CF007FDB4E /* Main.storyboard */; };
		8840338328C124CF007FDB4E /* GoldenCinema.xcdatamodeld in Sources */ = {isa = PBXBuildFile; fileRef = 8840338128C124CF007FDB4E /* GoldenCinema.xcdatamodeld */; };
		8840338528C124D4007FDB4E /* Assets.xcassets in Resources */ = {isa = PBXBuildFile; fileRef = 8840338428C124D4007FDB4E /* Assets.xcassets */; };
		8840338828C124D4007FDB4E /* LaunchScreen.storyboard in Resources */ = {isa = PBXBuildFile; fileRef = 8840338628C124D4007FDB4E /* LaunchScreen.storyboard */; };
		8840339428C12996007FDB4E /* NetworkManager.swift in Sources */ = {isa = PBXBuildFile; fileRef = 8840339328C12996007FDB4E /* NetworkManager.swift */; };
		8840339628C12C30007FDB4E /* TopMovie.swift in Sources */ = {isa = PBXBuildFile; fileRef = 8840339528C12C30007FDB4E /* TopMovie.swift */; };
		8847DE5828CF6870009A0116 /* CustomPlaceholderView.swift in Sources */ = {isa = PBXBuildFile; fileRef = 8847DE5728CF6870009A0116 /* CustomPlaceholderView.swift */; };
		884CC56328C8A1BC008E33B6 /* SavedTableViewCell.swift in Sources */ = {isa = PBXBuildFile; fileRef = 884CC56228C8A1BC008E33B6 /* SavedTableViewCell.swift */; };
		884D08D928CD068000D92127 /* MergedMovie.swift in Sources */ = {isa = PBXBuildFile; fileRef = 884D08D828CD068000D92127 /* MergedMovie.swift */; };
		884D08DB28CD0B3D00D92127 /* SearchTableViewCell.swift in Sources */ = {isa = PBXBuildFile; fileRef = 884D08DA28CD0B3D00D92127 /* SearchTableViewCell.swift */; };
		8851D53B28C7AF7400D32A39 /* WebViewController.swift in Sources */ = {isa = PBXBuildFile; fileRef = 8851D53A28C7AF7400D32A39 /* WebViewController.swift */; };
		8855BFF528C4FD3800C86872 /* TrendingViewController.swift in Sources */ = {isa = PBXBuildFile; fileRef = 8855BFF428C4FD3800C86872 /* TrendingViewController.swift */; };
		8855BFF828C505C600C86872 /* SDWebImage in Frameworks */ = {isa = PBXBuildFile; productRef = 8855BFF728C505C600C86872 /* SDWebImage */; };
		8855BFFE28C50C9E00C86872 /* SearchViewController.swift in Sources */ = {isa = PBXBuildFile; fileRef = 8855BFFD28C50C9E00C86872 /* SearchViewController.swift */; };
		8855C00028C50E7400C86872 /* TrendingMovie.swift in Sources */ = {isa = PBXBuildFile; fileRef = 8855BFFF28C50E7400C86872 /* TrendingMovie.swift */; };
		888C34CD28CA280A00E5626B /* SavedTableViewController.swift in Sources */ = {isa = PBXBuildFile; fileRef = 888C34CC28CA280A00E5626B /* SavedTableViewController.swift */; };
		88E57F4928D0E90B0026CA05 /* SFUIText-RegularG1.otf in Resources */ = {isa = PBXBuildFile; fileRef = 88E57F4828D0E90A0026CA05 /* SFUIText-RegularG1.otf */; };
		88E57F4B28D0E9190026CA05 /* SFUIText-Semibold.otf in Resources */ = {isa = PBXBuildFile; fileRef = 88E57F4A28D0E9190026CA05 /* SFUIText-Semibold.otf */; };
		88E57F4D28D0EF3B0026CA05 /* SFUIText-Bold.otf in Resources */ = {isa = PBXBuildFile; fileRef = 88E57F4C28D0EF3B0026CA05 /* SFUIText-Bold.otf */; };
		88E57F4F28D0F5E20026CA05 /* BounceButton.swift in Sources */ = {isa = PBXBuildFile; fileRef = 88E57F4E28D0F5E20026CA05 /* BounceButton.swift */; };
		88E57F5128D0F6230026CA05 /* DesignButton.swift in Sources */ = {isa = PBXBuildFile; fileRef = 88E57F5028D0F6230026CA05 /* DesignButton.swift */; };
/* End PBXBuildFile section */

/* Begin PBXFileReference section */
		882AE69428C5EF68005CEAD8 /* TrendingTableViewCell.swift */ = {isa = PBXFileReference; lastKnownFileType = sourcecode.swift; path = TrendingTableViewCell.swift; sourceTree = "<group>"; };
		882AE69628C60817005CEAD8 /* DetailViewController.swift */ = {isa = PBXFileReference; lastKnownFileType = sourcecode.swift; path = DetailViewController.swift; sourceTree = "<group>"; };
		882AE69828C61006005CEAD8 /* CoreDataManager.swift */ = {isa = PBXFileReference; lastKnownFileType = sourcecode.swift; path = "\U0010CoreDataManager.swift"; sourceTree = "<group>"; };
		882BF6FE28C2346C00D772F1 /* TopRatedViewController.swift */ = {isa = PBXFileReference; lastKnownFileType = sourcecode.swift; path = TopRatedViewController.swift; sourceTree = "<group>"; };
		882BF70028C2367800D772F1 /* TopRatedTableViewCell.swift */ = {isa = PBXFileReference; lastKnownFileType = sourcecode.swift; path = TopRatedTableViewCell.swift; sourceTree = "<group>"; };
		883AF89728CE18A80099D386 /* InfoViewController.swift */ = {isa = PBXFileReference; lastKnownFileType = sourcecode.swift; path = InfoViewController.swift; sourceTree = "<group>"; };
		8840337528C124CF007FDB4E /* GoldenCinema.app */ = {isa = PBXFileReference; explicitFileType = wrapper.application; includeInIndex = 0; path = GoldenCinema.app; sourceTree = BUILT_PRODUCTS_DIR; };
		8840337828C124CF007FDB4E /* AppDelegate.swift */ = {isa = PBXFileReference; lastKnownFileType = sourcecode.swift; path = AppDelegate.swift; sourceTree = "<group>"; };
		8840337F28C124CF007FDB4E /* Base */ = {isa = PBXFileReference; lastKnownFileType = file.storyboard; name = Base; path = Base.lproj/Main.storyboard; sourceTree = "<group>"; };
		8840338228C124CF007FDB4E /* GoldenCinema.xcdatamodel */ = {isa = PBXFileReference; lastKnownFileType = wrapper.xcdatamodel; path = GoldenCinema.xcdatamodel; sourceTree = "<group>"; };
		8840338428C124D4007FDB4E /* Assets.xcassets */ = {isa = PBXFileReference; lastKnownFileType = folder.assetcatalog; path = Assets.xcassets; sourceTree = "<group>"; };
		8840338728C124D4007FDB4E /* Base */ = {isa = PBXFileReference; lastKnownFileType = file.storyboard; name = Base; path = Base.lproj/LaunchScreen.storyboard; sourceTree = "<group>"; };
		8840338928C124D4007FDB4E /* Info.plist */ = {isa = PBXFileReference; lastKnownFileType = text.plist.xml; path = Info.plist; sourceTree = "<group>"; };
		8840339328C12996007FDB4E /* NetworkManager.swift */ = {isa = PBXFileReference; lastKnownFileType = sourcecode.swift; path = NetworkManager.swift; sourceTree = "<group>"; };
		8840339528C12C30007FDB4E /* TopMovie.swift */ = {isa = PBXFileReference; lastKnownFileType = sourcecode.swift; path = TopMovie.swift; sourceTree = "<group>"; };
		8847DE5728CF6870009A0116 /* CustomPlaceholderView.swift */ = {isa = PBXFileReference; fileEncoding = 4; lastKnownFileType = sourcecode.swift; path = CustomPlaceholderView.swift; sourceTree = "<group>"; };
		884CC56228C8A1BC008E33B6 /* SavedTableViewCell.swift */ = {isa = PBXFileReference; lastKnownFileType = sourcecode.swift; path = SavedTableViewCell.swift; sourceTree = "<group>"; };
		884D08D828CD068000D92127 /* MergedMovie.swift */ = {isa = PBXFileReference; lastKnownFileType = sourcecode.swift; path = MergedMovie.swift; sourceTree = "<group>"; };
		884D08DA28CD0B3D00D92127 /* SearchTableViewCell.swift */ = {isa = PBXFileReference; lastKnownFileType = sourcecode.swift; path = SearchTableViewCell.swift; sourceTree = "<group>"; };
		8851D53A28C7AF7400D32A39 /* WebViewController.swift */ = {isa = PBXFileReference; lastKnownFileType = sourcecode.swift; path = WebViewController.swift; sourceTree = "<group>"; };
		8855BFF428C4FD3800C86872 /* TrendingViewController.swift */ = {isa = PBXFileReference; lastKnownFileType = sourcecode.swift; path = TrendingViewController.swift; sourceTree = "<group>"; };
		8855BFFD28C50C9E00C86872 /* SearchViewController.swift */ = {isa = PBXFileReference; lastKnownFileType = sourcecode.swift; path = SearchViewController.swift; sourceTree = "<group>"; };
		8855BFFF28C50E7400C86872 /* TrendingMovie.swift */ = {isa = PBXFileReference; lastKnownFileType = sourcecode.swift; path = TrendingMovie.swift; sourceTree = "<group>"; };
		888C34CC28CA280A00E5626B /* SavedTableViewController.swift */ = {isa = PBXFileReference; lastKnownFileType = sourcecode.swift; path = SavedTableViewController.swift; sourceTree = "<group>"; };
		88E57F4828D0E90A0026CA05 /* SFUIText-RegularG1.otf */ = {isa = PBXFileReference; lastKnownFileType = file; path = "SFUIText-RegularG1.otf"; sourceTree = "<group>"; };
		88E57F4A28D0E9190026CA05 /* SFUIText-Semibold.otf */ = {isa = PBXFileReference; lastKnownFileType = file; path = "SFUIText-Semibold.otf"; sourceTree = "<group>"; };
		88E57F4C28D0EF3B0026CA05 /* SFUIText-Bold.otf */ = {isa = PBXFileReference; lastKnownFileType = file; path = "SFUIText-Bold.otf"; sourceTree = "<group>"; };
		88E57F4E28D0F5E20026CA05 /* BounceButton.swift */ = {isa = PBXFileReference; fileEncoding = 4; lastKnownFileType = sourcecode.swift; path = BounceButton.swift; sourceTree = "<group>"; };
		88E57F5028D0F6230026CA05 /* DesignButton.swift */ = {isa = PBXFileReference; fileEncoding = 4; lastKnownFileType = sourcecode.swift; path = DesignButton.swift; sourceTree = "<group>"; };
/* End PBXFileReference section */

/* Begin PBXFrameworksBuildPhase section */
		8840337228C124CF007FDB4E /* Frameworks */ = {
			isa = PBXFrameworksBuildPhase;
			buildActionMask = 2147483647;
			files = (
				8855BFF828C505C600C86872 /* SDWebImage in Frameworks */,
			);
			runOnlyForDeploymentPostprocessing = 0;
		};
/* End PBXFrameworksBuildPhase section */

/* Begin PBXGroup section */
		883AF89628CE187E0099D386 /* Info */ = {
			isa = PBXGroup;
			children = (
				883AF89728CE18A80099D386 /* InfoViewController.swift */,
			);
			path = Info;
			sourceTree = "<group>";
		};
		8840336C28C124CF007FDB4E = {
			isa = PBXGroup;
			children = (
				8840337728C124CF007FDB4E /* GoldenCinema */,
				8840337628C124CF007FDB4E /* Products */,
			);
			sourceTree = "<group>";
		};
		8840337628C124CF007FDB4E /* Products */ = {
			isa = PBXGroup;
			children = (
				8840337528C124CF007FDB4E /* GoldenCinema.app */,
			);
			name = Products;
			sourceTree = "<group>";
		};
		8840337728C124CF007FDB4E /* GoldenCinema */ = {
			isa = PBXGroup;
			children = (
				8847DE5628CF67D1009A0116 /* Extras */,
				8840339228C1296E007FDB4E /* Helpers */,
				8840338F28C1259A007FDB4E /* Delegates */,
				8840339728C12C39007FDB4E /* Model */,
				8840339028C125AB007FDB4E /* View */,
				8840339128C125B9007FDB4E /* Controller */,
				8840338428C124D4007FDB4E /* Assets.xcassets */,
				8840338928C124D4007FDB4E /* Info.plist */,
				8840338128C124CF007FDB4E /* GoldenCinema.xcdatamodeld */,
			);
			path = GoldenCinema;
			sourceTree = "<group>";
		};
		8840338F28C1259A007FDB4E /* Delegates */ = {
			isa = PBXGroup;
			children = (
				8840337828C124CF007FDB4E /* AppDelegate.swift */,
			);
			path = Delegates;
			sourceTree = "<group>";
		};
		8840339028C125AB007FDB4E /* View */ = {
			isa = PBXGroup;
			children = (
				8840337E28C124CF007FDB4E /* Main.storyboard */,
				8840338628C124D4007FDB4E /* LaunchScreen.storyboard */,
			);
			path = View;
			sourceTree = "<group>";
		};
		8840339128C125B9007FDB4E /* Controller */ = {
			isa = PBXGroup;
			children = (
				888C34CE28CA281800E5626B /* TopRated */,
				888C34CF28CA284000E5626B /* Trending */,
				888C34D128CA286200E5626B /* Detail */,
				888C34D328CA31C700E5626B /* Search */,
				888C34D228CA2B5800E5626B /* Saved */,
				883AF89628CE187E0099D386 /* Info */,
				888C34D028CA285100E5626B /* Web */,
			);
			path = Controller;
			sourceTree = "<group>";
		};
		8840339228C1296E007FDB4E /* Helpers */ = {
			isa = PBXGroup;
			children = (
				8840339328C12996007FDB4E /* NetworkManager.swift */,
				882AE69828C61006005CEAD8 /* CoreDataManager.swift */,
			);
			path = Helpers;
			sourceTree = "<group>";
		};
		8840339728C12C39007FDB4E /* Model */ = {
			isa = PBXGroup;
			children = (
				8840339528C12C30007FDB4E /* TopMovie.swift */,
				8855BFFF28C50E7400C86872 /* TrendingMovie.swift */,
				884D08D828CD068000D92127 /* MergedMovie.swift */,
			);
			path = Model;
			sourceTree = "<group>";
		};
		8847DE5628CF67D1009A0116 /* Extras */ = {
			isa = PBXGroup;
			children = (
				8847DE5728CF6870009A0116 /* CustomPlaceholderView.swift */,
				88E57F4828D0E90A0026CA05 /* SFUIText-RegularG1.otf */,
				88E57F4A28D0E9190026CA05 /* SFUIText-Semibold.otf */,
				88E57F4C28D0EF3B0026CA05 /* SFUIText-Bold.otf */,
				88E57F5028D0F6230026CA05 /* DesignButton.swift */,
				88E57F4E28D0F5E20026CA05 /* BounceButton.swift */,
			);
			path = Extras;
			sourceTree = "<group>";
		};
		888C34CE28CA281800E5626B /* TopRated */ = {
			isa = PBXGroup;
			children = (
				882BF6FE28C2346C00D772F1 /* TopRatedViewController.swift */,
				882BF70028C2367800D772F1 /* TopRatedTableViewCell.swift */,
			);
			path = TopRated;
			sourceTree = "<group>";
		};
		888C34CF28CA284000E5626B /* Trending */ = {
			isa = PBXGroup;
			children = (
				8855BFF428C4FD3800C86872 /* TrendingViewController.swift */,
				882AE69428C5EF68005CEAD8 /* TrendingTableViewCell.swift */,
			);
			path = Trending;
			sourceTree = "<group>";
		};
		888C34D028CA285100E5626B /* Web */ = {
			isa = PBXGroup;
			children = (
				8851D53A28C7AF7400D32A39 /* WebViewController.swift */,
			);
			path = Web;
			sourceTree = "<group>";
		};
		888C34D128CA286200E5626B /* Detail */ = {
			isa = PBXGroup;
			children = (
				882AE69628C60817005CEAD8 /* DetailViewController.swift */,
			);
			path = Detail;
			sourceTree = "<group>";
		};
		888C34D228CA2B5800E5626B /* Saved */ = {
			isa = PBXGroup;
			children = (
				884CC56228C8A1BC008E33B6 /* SavedTableViewCell.swift */,
				888C34CC28CA280A00E5626B /* SavedTableViewController.swift */,
			);
			path = Saved;
			sourceTree = "<group>";
		};
		888C34D328CA31C700E5626B /* Search */ = {
			isa = PBXGroup;
			children = (
				8855BFFD28C50C9E00C86872 /* SearchViewController.swift */,
				884D08DA28CD0B3D00D92127 /* SearchTableViewCell.swift */,
			);
			path = Search;
			sourceTree = "<group>";
		};
/* End PBXGroup section */

/* Begin PBXNativeTarget section */
		8840337428C124CF007FDB4E /* GoldenCinema */ = {
			isa = PBXNativeTarget;
			buildConfigurationList = 8840338C28C124D4007FDB4E /* Build configuration list for PBXNativeTarget "GoldenCinema" */;
			buildPhases = (
				8840337128C124CF007FDB4E /* Sources */,
				8840337228C124CF007FDB4E /* Frameworks */,
				8840337328C124CF007FDB4E /* Resources */,
			);
			buildRules = (
			);
			dependencies = (
			);
			name = GoldenCinema;
			packageProductDependencies = (
				8855BFF728C505C600C86872 /* SDWebImage */,
			);
			productName = GoldenCinema;
			productReference = 8840337528C124CF007FDB4E /* GoldenCinema.app */;
			productType = "com.apple.product-type.application";
		};
/* End PBXNativeTarget section */

/* Begin PBXProject section */
		8840336D28C124CF007FDB4E /* Project object */ = {
			isa = PBXProject;
			attributes = {
				BuildIndependentTargetsInParallel = 1;
				LastSwiftUpdateCheck = 1340;
				LastUpgradeCheck = 1340;
				TargetAttributes = {
					8840337428C124CF007FDB4E = {
						CreatedOnToolsVersion = 13.4.1;
					};
				};
			};
			buildConfigurationList = 8840337028C124CF007FDB4E /* Build configuration list for PBXProject "GoldenCinema" */;
			compatibilityVersion = "Xcode 13.0";
			developmentRegion = en;
			hasScannedForEncodings = 0;
			knownRegions = (
				en,
				Base,
			);
			mainGroup = 8840336C28C124CF007FDB4E;
			packageReferences = (
				8855BFF628C505C600C86872 /* XCRemoteSwiftPackageReference "SDWebImage" */,
			);
			productRefGroup = 8840337628C124CF007FDB4E /* Products */;
			projectDirPath = "";
			projectRoot = "";
			targets = (
				8840337428C124CF007FDB4E /* GoldenCinema */,
			);
		};
/* End PBXProject section */

/* Begin PBXResourcesBuildPhase section */
		8840337328C124CF007FDB4E /* Resources */ = {
			isa = PBXResourcesBuildPhase;
			buildActionMask = 2147483647;
			files = (
				88E57F4B28D0E9190026CA05 /* SFUIText-Semibold.otf in Resources */,
				88E57F4928D0E90B0026CA05 /* SFUIText-RegularG1.otf in Resources */,
				88E57F4D28D0EF3B0026CA05 /* SFUIText-Bold.otf in Resources */,
				8840338828C124D4007FDB4E /* LaunchScreen.storyboard in Resources */,
				8840338528C124D4007FDB4E /* Assets.xcassets in Resources */,
				8840338028C124CF007FDB4E /* Main.storyboard in Resources */,
			);
			runOnlyForDeploymentPostprocessing = 0;
		};
/* End PBXResourcesBuildPhase section */

/* Begin PBXSourcesBuildPhase section */
		8840337128C124CF007FDB4E /* Sources */ = {
			isa = PBXSourcesBuildPhase;
			buildActionMask = 2147483647;
			files = (
				882AE69728C60817005CEAD8 /* DetailViewController.swift in Sources */,
				88E57F4F28D0F5E20026CA05 /* BounceButton.swift in Sources */,
				8840337928C124CF007FDB4E /* AppDelegate.swift in Sources */,
				8855BFFE28C50C9E00C86872 /* SearchViewController.swift in Sources */,
				8855BFF528C4FD3800C86872 /* TrendingViewController.swift in Sources */,
				884D08D928CD068000D92127 /* MergedMovie.swift in Sources */,
				8840339628C12C30007FDB4E /* TopMovie.swift in Sources */,
				8840339428C12996007FDB4E /* NetworkManager.swift in Sources */,
				8840338328C124CF007FDB4E /* GoldenCinema.xcdatamodeld in Sources */,
				884D08DB28CD0B3D00D92127 /* SearchTableViewCell.swift in Sources */,
				8847DE5828CF6870009A0116 /* CustomPlaceholderView.swift in Sources */,
				888C34CD28CA280A00E5626B /* SavedTableViewController.swift in Sources */,
				882BF70128C2367800D772F1 /* TopRatedTableViewCell.swift in Sources */,
				884CC56328C8A1BC008E33B6 /* SavedTableViewCell.swift in Sources */,
				8855C00028C50E7400C86872 /* TrendingMovie.swift in Sources */,
				882AE69928C61006005CEAD8 /* CoreDataManager.swift in Sources */,
				882BF6FF28C2346C00D772F1 /* TopRatedViewController.swift in Sources */,
				8851D53B28C7AF7400D32A39 /* WebViewController.swift in Sources */,
				88E57F5128D0F6230026CA05 /* DesignButton.swift in Sources */,
				882AE69528C5EF68005CEAD8 /* TrendingTableViewCell.swift in Sources */,
				883AF89828CE18A80099D386 /* InfoViewController.swift in Sources */,
			);
			runOnlyForDeploymentPostprocessing = 0;
		};
/* End PBXSourcesBuildPhase section */

/* Begin PBXVariantGroup section */
		8840337E28C124CF007FDB4E /* Main.storyboard */ = {
			isa = PBXVariantGroup;
			children = (
				8840337F28C124CF007FDB4E /* Base */,
			);
			name = Main.storyboard;
			sourceTree = "<group>";
		};
		8840338628C124D4007FDB4E /* LaunchScreen.storyboard */ = {
			isa = PBXVariantGroup;
			children = (
				8840338728C124D4007FDB4E /* Base */,
			);
			name = LaunchScreen.storyboard;
			sourceTree = "<group>";
		};
/* End PBXVariantGroup section */

/* Begin XCBuildConfiguration section */
		8840338A28C124D4007FDB4E /* Debug */ = {
			isa = XCBuildConfiguration;
			buildSettings = {
				ALWAYS_SEARCH_USER_PATHS = NO;
				CLANG_ANALYZER_NONNULL = YES;
				CLANG_ANALYZER_NUMBER_OBJECT_CONVERSION = YES_AGGRESSIVE;
				CLANG_CXX_LANGUAGE_STANDARD = "gnu++17";
				CLANG_ENABLE_MODULES = YES;
				CLANG_ENABLE_OBJC_ARC = YES;
				CLANG_ENABLE_OBJC_WEAK = YES;
				CLANG_WARN_BLOCK_CAPTURE_AUTORELEASING = YES;
				CLANG_WARN_BOOL_CONVERSION = YES;
				CLANG_WARN_COMMA = YES;
				CLANG_WARN_CONSTANT_CONVERSION = YES;
				CLANG_WARN_DEPRECATED_OBJC_IMPLEMENTATIONS = YES;
				CLANG_WARN_DIRECT_OBJC_ISA_USAGE = YES_ERROR;
				CLANG_WARN_DOCUMENTATION_COMMENTS = YES;
				CLANG_WARN_EMPTY_BODY = YES;
				CLANG_WARN_ENUM_CONVERSION = YES;
				CLANG_WARN_INFINITE_RECURSION = YES;
				CLANG_WARN_INT_CONVERSION = YES;
				CLANG_WARN_NON_LITERAL_NULL_CONVERSION = YES;
				CLANG_WARN_OBJC_IMPLICIT_RETAIN_SELF = YES;
				CLANG_WARN_OBJC_LITERAL_CONVERSION = YES;
				CLANG_WARN_OBJC_ROOT_CLASS = YES_ERROR;
				CLANG_WARN_QUOTED_INCLUDE_IN_FRAMEWORK_HEADER = YES;
				CLANG_WARN_RANGE_LOOP_ANALYSIS = YES;
				CLANG_WARN_STRICT_PROTOTYPES = YES;
				CLANG_WARN_SUSPICIOUS_MOVE = YES;
				CLANG_WARN_UNGUARDED_AVAILABILITY = YES_AGGRESSIVE;
				CLANG_WARN_UNREACHABLE_CODE = YES;
				CLANG_WARN__DUPLICATE_METHOD_MATCH = YES;
				COPY_PHASE_STRIP = NO;
				DEBUG_INFORMATION_FORMAT = dwarf;
				ENABLE_STRICT_OBJC_MSGSEND = YES;
				ENABLE_TESTABILITY = YES;
				GCC_C_LANGUAGE_STANDARD = gnu11;
				GCC_DYNAMIC_NO_PIC = NO;
				GCC_NO_COMMON_BLOCKS = YES;
				GCC_OPTIMIZATION_LEVEL = 0;
				GCC_PREPROCESSOR_DEFINITIONS = (
					"DEBUG=1",
					"$(inherited)",
				);
				GCC_WARN_64_TO_32_BIT_CONVERSION = YES;
				GCC_WARN_ABOUT_RETURN_TYPE = YES_ERROR;
				GCC_WARN_UNDECLARED_SELECTOR = YES;
				GCC_WARN_UNINITIALIZED_AUTOS = YES_AGGRESSIVE;
				GCC_WARN_UNUSED_FUNCTION = YES;
				GCC_WARN_UNUSED_VARIABLE = YES;
				IPHONEOS_DEPLOYMENT_TARGET = 15.5;
				MTL_ENABLE_DEBUG_INFO = INCLUDE_SOURCE;
				MTL_FAST_MATH = YES;
				ONLY_ACTIVE_ARCH = YES;
				SDKROOT = iphoneos;
				SWIFT_ACTIVE_COMPILATION_CONDITIONS = DEBUG;
				SWIFT_OPTIMIZATION_LEVEL = "-Onone";
			};
			name = Debug;
		};
		8840338B28C124D4007FDB4E /* Release */ = {
			isa = XCBuildConfiguration;
			buildSettings = {
				ALWAYS_SEARCH_USER_PATHS = NO;
				CLANG_ANALYZER_NONNULL = YES;
				CLANG_ANALYZER_NUMBER_OBJECT_CONVERSION = YES_AGGRESSIVE;
				CLANG_CXX_LANGUAGE_STANDARD = "gnu++17";
				CLANG_ENABLE_MODULES = YES;
				CLANG_ENABLE_OBJC_ARC = YES;
				CLANG_ENABLE_OBJC_WEAK = YES;
				CLANG_WARN_BLOCK_CAPTURE_AUTORELEASING = YES;
				CLANG_WARN_BOOL_CONVERSION = YES;
				CLANG_WARN_COMMA = YES;
				CLANG_WARN_CONSTANT_CONVERSION = YES;
				CLANG_WARN_DEPRECATED_OBJC_IMPLEMENTATIONS = YES;
				CLANG_WARN_DIRECT_OBJC_ISA_USAGE = YES_ERROR;
				CLANG_WARN_DOCUMENTATION_COMMENTS = YES;
				CLANG_WARN_EMPTY_BODY = YES;
				CLANG_WARN_ENUM_CONVERSION = YES;
				CLANG_WARN_INFINITE_RECURSION = YES;
				CLANG_WARN_INT_CONVERSION = YES;
				CLANG_WARN_NON_LITERAL_NULL_CONVERSION = YES;
				CLANG_WARN_OBJC_IMPLICIT_RETAIN_SELF = YES;
				CLANG_WARN_OBJC_LITERAL_CONVERSION = YES;
				CLANG_WARN_OBJC_ROOT_CLASS = YES_ERROR;
				CLANG_WARN_QUOTED_INCLUDE_IN_FRAMEWORK_HEADER = YES;
				CLANG_WARN_RANGE_LOOP_ANALYSIS = YES;
				CLANG_WARN_STRICT_PROTOTYPES = YES;
				CLANG_WARN_SUSPICIOUS_MOVE = YES;
				CLANG_WARN_UNGUARDED_AVAILABILITY = YES_AGGRESSIVE;
				CLANG_WARN_UNREACHABLE_CODE = YES;
				CLANG_WARN__DUPLICATE_METHOD_MATCH = YES;
				COPY_PHASE_STRIP = NO;
				DEBUG_INFORMATION_FORMAT = "dwarf-with-dsym";
				ENABLE_NS_ASSERTIONS = NO;
				ENABLE_STRICT_OBJC_MSGSEND = YES;
				GCC_C_LANGUAGE_STANDARD = gnu11;
				GCC_NO_COMMON_BLOCKS = YES;
				GCC_WARN_64_TO_32_BIT_CONVERSION = YES;
				GCC_WARN_ABOUT_RETURN_TYPE = YES_ERROR;
				GCC_WARN_UNDECLARED_SELECTOR = YES;
				GCC_WARN_UNINITIALIZED_AUTOS = YES_AGGRESSIVE;
				GCC_WARN_UNUSED_FUNCTION = YES;
				GCC_WARN_UNUSED_VARIABLE = YES;
				IPHONEOS_DEPLOYMENT_TARGET = 15.5;
				MTL_ENABLE_DEBUG_INFO = NO;
				MTL_FAST_MATH = YES;
				SDKROOT = iphoneos;
				SWIFT_COMPILATION_MODE = wholemodule;
				SWIFT_OPTIMIZATION_LEVEL = "-O";
				VALIDATE_PRODUCT = YES;
			};
			name = Release;
		};
		8840338D28C124D4007FDB4E /* Debug */ = {
			isa = XCBuildConfiguration;
			buildSettings = {
				ASSETCATALOG_COMPILER_APPICON_NAME = AppIcon;
				ASSETCATALOG_COMPILER_GLOBAL_ACCENT_COLOR_NAME = AccentColor;
				CODE_SIGN_STYLE = Automatic;
				CURRENT_PROJECT_VERSION = 1;
				GENERATE_INFOPLIST_FILE = YES;
				INFOPLIST_FILE = GoldenCinema/Info.plist;
				INFOPLIST_KEY_UIApplicationSupportsIndirectInputEvents = YES;
				INFOPLIST_KEY_UILaunchStoryboardName = LaunchScreen;
				INFOPLIST_KEY_UIMainStoryboardFile = Main;
				INFOPLIST_KEY_UISupportedInterfaceOrientations_iPad = "UIInterfaceOrientationPortrait UIInterfaceOrientationPortraitUpsideDown UIInterfaceOrientationLandscapeLeft UIInterfaceOrientationLandscapeRight";
				INFOPLIST_KEY_UISupportedInterfaceOrientations_iPhone = "UIInterfaceOrientationPortrait UIInterfaceOrientationLandscapeLeft UIInterfaceOrientationLandscapeRight";
				LD_RUNPATH_SEARCH_PATHS = (
					"$(inherited)",
					"@executable_path/Frameworks",
				);
				MARKETING_VERSION = 1.0;
				PRODUCT_BUNDLE_IDENTIFIER = ElEdgo.GoldenCinema;
				PRODUCT_NAME = "$(TARGET_NAME)";
				SWIFT_EMIT_LOC_STRINGS = YES;
				SWIFT_VERSION = 5.0;
				TARGETED_DEVICE_FAMILY = "1,2";
			};
			name = Debug;
		};
		8840338E28C124D4007FDB4E /* Release */ = {
			isa = XCBuildConfiguration;
			buildSettings = {
				ASSETCATALOG_COMPILER_APPICON_NAME = AppIcon;
				ASSETCATALOG_COMPILER_GLOBAL_ACCENT_COLOR_NAME = AccentColor;
				CODE_SIGN_STYLE = Automatic;
				CURRENT_PROJECT_VERSION = 1;
				GENERATE_INFOPLIST_FILE = YES;
				INFOPLIST_FILE = GoldenCinema/Info.plist;
				INFOPLIST_KEY_UIApplicationSupportsIndirectInputEvents = YES;
				INFOPLIST_KEY_UILaunchStoryboardName = LaunchScreen;
				INFOPLIST_KEY_UIMainStoryboardFile = Main;
				INFOPLIST_KEY_UISupportedInterfaceOrientations_iPad = "UIInterfaceOrientationPortrait UIInterfaceOrientationPortraitUpsideDown UIInterfaceOrientationLandscapeLeft UIInterfaceOrientationLandscapeRight";
				INFOPLIST_KEY_UISupportedInterfaceOrientations_iPhone = "UIInterfaceOrientationPortrait UIInterfaceOrientationLandscapeLeft UIInterfaceOrientationLandscapeRight";
				LD_RUNPATH_SEARCH_PATHS = (
					"$(inherited)",
					"@executable_path/Frameworks",
				);
				MARKETING_VERSION = 1.0;
				PRODUCT_BUNDLE_IDENTIFIER = ElEdgo.GoldenCinema;
				PRODUCT_NAME = "$(TARGET_NAME)";
				SWIFT_EMIT_LOC_STRINGS = YES;
				SWIFT_VERSION = 5.0;
				TARGETED_DEVICE_FAMILY = "1,2";
			};
			name = Release;
		};
/* End XCBuildConfiguration section */

/* Begin XCConfigurationList section */
		8840337028C124CF007FDB4E /* Build configuration list for PBXProject "GoldenCinema" */ = {
			isa = XCConfigurationList;
			buildConfigurations = (
				8840338A28C124D4007FDB4E /* Debug */,
				8840338B28C124D4007FDB4E /* Release */,
			);
			defaultConfigurationIsVisible = 0;
			defaultConfigurationName = Release;
		};
		8840338C28C124D4007FDB4E /* Build configuration list for PBXNativeTarget "GoldenCinema" */ = {
			isa = XCConfigurationList;
			buildConfigurations = (
				8840338D28C124D4007FDB4E /* Debug */,
				8840338E28C124D4007FDB4E /* Release */,
			);
			defaultConfigurationIsVisible = 0;
			defaultConfigurationName = Release;
		};
/* End XCConfigurationList section */

/* Begin XCRemoteSwiftPackageReference section */
		8855BFF628C505C600C86872 /* XCRemoteSwiftPackageReference "SDWebImage" */ = {
			isa = XCRemoteSwiftPackageReference;
			repositoryURL = "https://github.com/SDWebImage/SDWebImage";
			requirement = {
				branch = master;
				kind = branch;
			};
		};
/* End XCRemoteSwiftPackageReference section */

/* Begin XCSwiftPackageProductDependency section */
		8855BFF728C505C600C86872 /* SDWebImage */ = {
			isa = XCSwiftPackageProductDependency;
			package = 8855BFF628C505C600C86872 /* XCRemoteSwiftPackageReference "SDWebImage" */;
			productName = SDWebImage;
		};
/* End XCSwiftPackageProductDependency section */

/* Begin XCVersionGroup section */
		8840338128C124CF007FDB4E /* GoldenCinema.xcdatamodeld */ = {
			isa = XCVersionGroup;
			children = (
				8840338228C124CF007FDB4E /* GoldenCinema.xcdatamodel */,
			);
			currentVersion = 8840338228C124CF007FDB4E /* GoldenCinema.xcdatamodel */;
			path = GoldenCinema.xcdatamodeld;
			sourceTree = "<group>";
			versionGroupType = wrapper.xcdatamodel;
		};
/* End XCVersionGroup section */
	};
	rootObject = 8840336D28C124CF007FDB4E /* Project object */;
}
